
Microsoft Visual Studio Solution File, Format Version 12.00
# Visual Studio 15
VisualStudioVersion = 15.0.27130.2027
MinimumVisualStudioVersion = 10.0.40219.1
Project("{FAE04EC0-301F-11D3-BF4B-00C04F79EFBC}") = "Oblig4", "Oblig4\Oblig4.csproj", "{49870222-9470-4433-ACE1-A4F3DCAECCBC}"
EndProject
Global
	GlobalSection(SolutionConfigurationPlatforms) = preSolution
		Debug|Any CPU = Debug|Any CPU
		Release|Any CPU = Release|Any CPU
	EndGlobalSection
	GlobalSection(ProjectConfigurationPlatforms) = postSolution
		{49870222-9470-4433-ACE1-A4F3DCAECCBC}.Debug|Any CPU.ActiveCfg = Debug|Any CPU
		{49870222-9470-4433-ACE1-A4F3DCAECCBC}.Debug|Any CPU.Build.0 = Debug|Any CPU
		{49870222-9470-4433-ACE1-A4F3DCAECCBC}.Release|Any CPU.ActiveCfg = Release|Any CPU
		{49870222-9470-4433-ACE1-A4F3DCAECCBC}.Release|Any CPU.Build.0 = Release|Any CPU
	EndGlobalSection
	GlobalSection(SolutionProperties) = preSolution
		HideSolutionNode = FALSE
	EndGlobalSection
	GlobalSection(ExtensibilityGlobals) = postSolution
		SolutionGuid = {3FDF6EF0-9CFA-4E73-AB39-AB23BE67B097}
	EndGlobalSection
EndGlobal
