
Microsoft Visual Studio Solution File, Format Version 12.00
# Visual Studio 15
VisualStudioVersion = 15.0.27428.2011
MinimumVisualStudioVersion = 10.0.40219.1
Project("{FAE04EC0-301F-11D3-BF4B-00C04F79EFBC}") = "School.App", "School.App\School.App.csproj", "{405CBB54-66F1-44EC-95C1-1607B3AF0FD7}"
EndProject
Project("{FAE04EC0-301F-11D3-BF4B-00C04F79EFBC}") = "School.Api", "School.Api\School.Api.csproj", "{72A5A026-5C19-4C26-986C-4C5BD3EC2001}"
EndProject
Project("{FAE04EC0-301F-11D3-BF4B-00C04F79EFBC}") = "School.Model", "School.Model\School.Model.csproj", "{942E64BC-ECF8-4DFD-B34B-65230C779627}"
EndProject
Global
	GlobalSection(SolutionConfigurationPlatforms) = preSolution
		Debug|Any CPU = Debug|Any CPU
		Debug|ARM = Debug|ARM
		Debug|x64 = Debug|x64
		Debug|x86 = Debug|x86
		Release|Any CPU = Release|Any CPU
		Release|ARM = Release|ARM
		Release|x64 = Release|x64
		Release|x86 = Release|x86
	EndGlobalSection
	GlobalSection(ProjectConfigurationPlatforms) = postSolution
		{405CBB54-66F1-44EC-95C1-1607B3AF0FD7}.Debug|Any CPU.ActiveCfg = Debug|x86
		{405CBB54-66F1-44EC-95C1-1607B3AF0FD7}.Debug|ARM.ActiveCfg = Debug|ARM
		{405CBB54-66F1-44EC-95C1-1607B3AF0FD7}.Debug|ARM.Build.0 = Debug|ARM
		{405CBB54-66F1-44EC-95C1-1607B3AF0FD7}.Debug|ARM.Deploy.0 = Debug|ARM
		{405CBB54-66F1-44EC-95C1-1607B3AF0FD7}.Debug|x64.ActiveCfg = Debug|x64
		{405CBB54-66F1-44EC-95C1-1607B3AF0FD7}.Debug|x64.Build.0 = Debug|x64
		{405CBB54-66F1-44EC-95C1-1607B3AF0FD7}.Debug|x64.Deploy.0 = Debug|x64
		{405CBB54-66F1-44EC-95C1-1607B3AF0FD7}.Debug|x86.ActiveCfg = Debug|x86
		{405CBB54-66F1-44EC-95C1-1607B3AF0FD7}.Debug|x86.Build.0 = Debug|x86
		{405CBB54-66F1-44EC-95C1-1607B3AF0FD7}.Debug|x86.Deploy.0 = Debug|x86
		{405CBB54-66F1-44EC-95C1-1607B3AF0FD7}.Release|Any CPU.ActiveCfg = Release|x86
		{405CBB54-66F1-44EC-95C1-1607B3AF0FD7}.Release|ARM.ActiveCfg = Release|ARM
		{405CBB54-66F1-44EC-95C1-1607B3AF0FD7}.Release|ARM.Build.0 = Release|ARM
		{405CBB54-66F1-44EC-95C1-1607B3AF0FD7}.Release|ARM.Deploy.0 = Release|ARM
		{405CBB54-66F1-44EC-95C1-1607B3AF0FD7}.Release|x64.ActiveCfg = Release|x64
		{405CBB54-66F1-44EC-95C1-1607B3AF0FD7}.Release|x64.Build.0 = Release|x64
		{405CBB54-66F1-44EC-95C1-1607B3AF0FD7}.Release|x64.Deploy.0 = Release|x64
		{405CBB54-66F1-44EC-95C1-1607B3AF0FD7}.Release|x86.ActiveCfg = Release|x86
		{405CBB54-66F1-44EC-95C1-1607B3AF0FD7}.Release|x86.Build.0 = Release|x86
		{405CBB54-66F1-44EC-95C1-1607B3AF0FD7}.Release|x86.Deploy.0 = Release|x86
		{72A5A026-5C19-4C26-986C-4C5BD3EC2001}.Debug|Any CPU.ActiveCfg = Debug|Any CPU
		{72A5A026-5C19-4C26-986C-4C5BD3EC2001}.Debug|Any CPU.Build.0 = Debug|Any CPU
		{72A5A026-5C19-4C26-986C-4C5BD3EC2001}.Debug|ARM.ActiveCfg = Debug|Any CPU
		{72A5A026-5C19-4C26-986C-4C5BD3EC2001}.Debug|ARM.Build.0 = Debug|Any CPU
		{72A5A026-5C19-4C26-986C-4C5BD3EC2001}.Debug|x64.ActiveCfg = Debug|Any CPU
		{72A5A026-5C19-4C26-986C-4C5BD3EC2001}.Debug|x64.Build.0 = Debug|Any CPU
		{72A5A026-5C19-4C26-986C-4C5BD3EC2001}.Debug|x86.ActiveCfg = Debug|Any CPU
		{72A5A026-5C19-4C26-986C-4C5BD3EC2001}.Debug|x86.Build.0 = Debug|Any CPU
		{72A5A026-5C19-4C26-986C-4C5BD3EC2001}.Release|Any CPU.ActiveCfg = Release|Any CPU
		{72A5A026-5C19-4C26-986C-4C5BD3EC2001}.Release|Any CPU.Build.0 = Release|Any CPU
		{72A5A026-5C19-4C26-986C-4C5BD3EC2001}.Release|ARM.ActiveCfg = Release|Any CPU
		{72A5A026-5C19-4C26-986C-4C5BD3EC2001}.Release|ARM.Build.0 = Release|Any CPU
		{72A5A026-5C19-4C26-986C-4C5BD3EC2001}.Release|x64.ActiveCfg = Release|Any CPU
		{72A5A026-5C19-4C26-986C-4C5BD3EC2001}.Release|x64.Build.0 = Release|Any CPU
		{72A5A026-5C19-4C26-986C-4C5BD3EC2001}.Release|x86.ActiveCfg = Release|Any CPU
		{72A5A026-5C19-4C26-986C-4C5BD3EC2001}.Release|x86.Build.0 = Release|Any CPU
		{942E64BC-ECF8-4DFD-B34B-65230C779627}.Debug|Any CPU.ActiveCfg = Debug|Any CPU
		{942E64BC-ECF8-4DFD-B34B-65230C779627}.Debug|Any CPU.Build.0 = Debug|Any CPU
		{942E64BC-ECF8-4DFD-B34B-65230C779627}.Debug|ARM.ActiveCfg = Debug|Any CPU
		{942E64BC-ECF8-4DFD-B34B-65230C779627}.Debug|ARM.Build.0 = Debug|Any CPU
		{942E64BC-ECF8-4DFD-B34B-65230C779627}.Debug|x64.ActiveCfg = Debug|Any CPU
		{942E64BC-ECF8-4DFD-B34B-65230C779627}.Debug|x64.Build.0 = Debug|Any CPU
		{942E64BC-ECF8-4DFD-B34B-65230C779627}.Debug|x86.ActiveCfg = Debug|Any CPU
		{942E64BC-ECF8-4DFD-B34B-65230C779627}.Debug|x86.Build.0 = Debug|Any CPU
		{942E64BC-ECF8-4DFD-B34B-65230C779627}.Release|Any CPU.ActiveCfg = Release|Any CPU
		{942E64BC-ECF8-4DFD-B34B-65230C779627}.Release|Any CPU.Build.0 = Release|Any CPU
		{942E64BC-ECF8-4DFD-B34B-65230C779627}.Release|ARM.ActiveCfg = Release|Any CPU
		{942E64BC-ECF8-4DFD-B34B-65230C779627}.Release|ARM.Build.0 = Release|Any CPU
		{942E64BC-ECF8-4DFD-B34B-65230C779627}.Release|x64.ActiveCfg = Release|Any CPU
		{942E64BC-ECF8-4DFD-B34B-65230C779627}.Release|x64.Build.0 = Release|Any CPU
		{942E64BC-ECF8-4DFD-B34B-65230C779627}.Release|x86.ActiveCfg = Release|Any CPU
		{942E64BC-ECF8-4DFD-B34B-65230C779627}.Release|x86.Build.0 = Release|Any CPU
	EndGlobalSection
	GlobalSection(SolutionProperties) = preSolution
		HideSolutionNode = FALSE
	EndGlobalSection
	GlobalSection(ExtensibilityGlobals) = postSolution
		SolutionGuid = {87A5F458-89CB-412D-AE21-50A4662EC2D5}
	EndGlobalSection
EndGlobal
